
Microsoft Visual Studio Solution File, Format Version 12.00
# Visual Studio Version 17
VisualStudioVersion = 17.7.34221.43
MinimumVisualStudioVersion = 10.0.40219.1
Project("{FAE04EC0-301F-11D3-BF4B-00C04F79EFBC}") = "FirstWPF", "FirstWPF\FirstWPF.csproj", "{59F45B4A-4856-4FC5-94E0-E30876876E49}"
EndProject
Global
	GlobalSection(SolutionConfigurationPlatforms) = preSolution
		Debug|Any CPU = Debug|Any CPU
		Release|Any CPU = Release|Any CPU
	EndGlobalSection
	GlobalSection(ProjectConfigurationPlatforms) = postSolution
		{59F45B4A-4856-4FC5-94E0-E30876876E49}.Debug|Any CPU.ActiveCfg = Debug|Any CPU
		{59F45B4A-4856-4FC5-94E0-E30876876E49}.Debug|Any CPU.Build.0 = Debug|Any CPU
		{59F45B4A-4856-4FC5-94E0-E30876876E49}.Release|Any CPU.ActiveCfg = Release|Any CPU
		{59F45B4A-4856-4FC5-94E0-E30876876E49}.Release|Any CPU.Build.0 = Release|Any CPU
	EndGlobalSection
	GlobalSection(SolutionProperties) = preSolution
		HideSolutionNode = FALSE
	EndGlobalSection
	GlobalSection(ExtensibilityGlobals) = postSolution
		SolutionGuid = {4D9C88F9-C4AD-424A-B755-6ABF557DCA21}
	EndGlobalSection
EndGlobal
